{
  "name": "SAVHS.GA",
  "lockfileVersion": 2,
  "requires": true,
  "packages": {
    "": {
      "dependencies": {
        "@swup/js-plugin": "^1.0.4"
      }
    },
    "node_modules/@swup/js-plugin": {
      "version": "1.0.4",
      "resolved": "https://registry.npmjs.org/@swup/js-plugin/-/js-plugin-1.0.4.tgz",
      "integrity": "sha512-C5ufF551LS8krJ7l0vjcjgmrBhodLQVm26OlysT6qWuXSXIgkUoxRmAYvRSXcv/osWPfv3kpG3mykl/Bvz49Gg==",
      "dependencies": {
        "@swup/plugin": "^1.0.0",
        "path-to-regexp": "^3.0.0"
      }
    },
    "node_modules/@swup/plugin": {
      "version": "1.0.1",
      "resolved": "https://registry.npmjs.org/@swup/plugin/-/plugin-1.0.1.tgz",
      "integrity": "sha512-QrTGn1DLx+50CNsk6oGzUFnyNyLkDK6iLb032qKImmAXS+0Dd1cwa8cSGvJ+I27J4qR8y6oJNurgHIEc6ZCTrg=="
    },
    "node_modules/path-to-regexp": {
      "version": "3.2.0",
      "resolved": "https://registry.npmjs.org/path-to-regexp/-/path-to-regexp-3.2.0.tgz",
      "integrity": "sha512-jczvQbCUS7XmS7o+y1aEO9OBVFeZBQ1MDSEqmO7xSoPgOPoowY/SxLpZ6Vh97/8qHZOteiCKb7gkG9gA2ZUxJA=="
    }
  },
  "dependencies": {
    "@swup/js-plugin": {
      "version": "1.0.4",
      "resolved": "https://registry.npmjs.org/@swup/js-plugin/-/js-plugin-1.0.4.tgz",
      "integrity": "sha512-C5ufF551LS8krJ7l0vjcjgmrBhodLQVm26OlysT6qWuXSXIgkUoxRmAYvRSXcv/osWPfv3kpG3mykl/Bvz49Gg==",
      "requires": {
        "@swup/plugin": "^1.0.0",
        "path-to-regexp": "^3.0.0"
      }
    },
    "@swup/plugin": {
      "version": "1.0.1",
      "resolved": "https://registry.npmjs.org/@swup/plugin/-/plugin-1.0.1.tgz",
      "integrity": "sha512-QrTGn1DLx+50CNsk6oGzUFnyNyLkDK6iLb032qKImmAXS+0Dd1cwa8cSGvJ+I27J4qR8y6oJNurgHIEc6ZCTrg=="
    },
    "path-to-regexp": {
      "version": "3.2.0",
      "resolved": "https://registry.npmjs.org/path-to-regexp/-/path-to-regexp-3.2.0.tgz",
      "integrity": "sha512-jczvQbCUS7XmS7o+y1aEO9OBVFeZBQ1MDSEqmO7xSoPgOPoowY/SxLpZ6Vh97/8qHZOteiCKb7gkG9gA2ZUxJA=="
    }
  }
}
